{
  "version": 4,
  "terraform_version": "1.8.2",
  "serial": 98,
  "lineage": "60933e68-8ce8-9bf6-aaf4-9a13b6dbb07b",
  "outputs": {},
  "resources": [
    {
      "mode": "managed",
      "type": "google_compute_address",
      "name": "nat",
      "provider": "provider[\"registry.terraform.io/hashicorp/google\"]",
      "instances": [
        {
          "schema_version": 0,
          "attributes": {
            "address": "35.196.235.92",
            "address_type": "EXTERNAL",
            "creation_timestamp": "2024-07-15T17:36:43.251-07:00",
            "description": "",
            "effective_labels": {},
            "id": "projects/sdypp2024g2/regions/us-east1/addresses/nat",
            "ip_version": "",
            "ipv6_endpoint_type": "",
            "label_fingerprint": "42WmSpB8rSM=",
            "labels": {},
            "name": "nat",
            "network": "",
            "network_tier": "PREMIUM",
            "prefix_length": 0,
            "project": "sdypp2024g2",
            "purpose": "",
            "region": "us-east1",
            "self_link": "https://www.googleapis.com/compute/v1/projects/sdypp2024g2/regions/us-east1/addresses/nat",
            "subnetwork": "",
            "terraform_labels": {},
            "timeouts": null,
            "users": [
              "https://www.googleapis.com/compute/v1/projects/sdypp2024g2/regions/us-east1/routers/router"
            ]
          },
          "sensitive_attributes": [],
          "private": "eyJlMmJmYjczMC1lY2FhLTExZTYtOGY4OC0zNDM2M2JjN2M0YzAiOnsiY3JlYXRlIjoxMjAwMDAwMDAwMDAwLCJkZWxldGUiOjEyMDAwMDAwMDAwMDAsInVwZGF0ZSI6MTIwMDAwMDAwMDAwMH19",
          "dependencies": [
            "google_project_service.compute"
          ]
        }
      ]
    },
    {
      "mode": "managed",
      "type": "google_compute_global_address",
      "name": "traefik-ip",
      "provider": "provider[\"registry.terraform.io/hashicorp/google\"]",
      "instances": [
        {
          "schema_version": 0,
          "attributes": {
            "address": "34.111.126.55",
            "address_type": "EXTERNAL",
            "creation_timestamp": "2024-07-15T17:36:39.089-07:00",
            "description": "",
            "effective_labels": {},
            "id": "projects/sdypp2024g2/global/addresses/traefik-ip",
            "ip_version": "",
            "labels": {},
            "name": "traefik-ip",
            "network": "",
            "prefix_length": 0,
            "project": "sdypp2024g2",
            "purpose": "",
            "self_link": "https://www.googleapis.com/compute/v1/projects/sdypp2024g2/global/addresses/traefik-ip",
            "terraform_labels": {},
            "timeouts": null
          },
          "sensitive_attributes": [],
          "private": "eyJlMmJmYjczMC1lY2FhLTExZTYtOGY4OC0zNDM2M2JjN2M0YzAiOnsiY3JlYXRlIjoxMjAwMDAwMDAwMDAwLCJkZWxldGUiOjEyMDAwMDAwMDAwMDAsInVwZGF0ZSI6MTIwMDAwMDAwMDAwMH19"
        }
      ]
    },
    {
      "mode": "managed",
      "type": "google_compute_instance",
      "name": "pruebavm",
      "provider": "provider[\"registry.terraform.io/hashicorp/google\"]",
      "instances": [
        {
          "index_key": 0,
          "schema_version": 6,
          "attributes": {
            "advanced_machine_features": [],
            "allow_stopping_for_update": null,
            "attached_disk": [],
            "boot_disk": [
              {
                "auto_delete": true,
                "device_name": "persistent-disk-0",
                "disk_encryption_key_raw": "",
                "disk_encryption_key_sha256": "",
                "initialize_params": [
                  {
                    "enable_confidential_compute": false,
                    "image": "https://www.googleapis.com/compute/v1/projects/ubuntu-os-cloud/global/images/ubuntu-2204-jammy-v20240701",
                    "labels": {},
                    "provisioned_iops": 0,
                    "provisioned_throughput": 0,
                    "resource_manager_tags": {},
                    "size": 10,
                    "type": "pd-standard"
                  }
                ],
                "kms_key_self_link": "",
                "mode": "READ_WRITE",
                "source": "https://www.googleapis.com/compute/v1/projects/sdypp2024g2/zones/us-east1-c/disks/worker-cpu-0"
              }
            ],
            "can_ip_forward": false,
            "confidential_instance_config": [],
            "cpu_platform": "AMD Rome",
            "current_status": "RUNNING",
            "deletion_protection": false,
            "description": "",
            "desired_status": null,
            "effective_labels": {},
            "enable_display": false,
            "guest_accelerator": [],
            "hostname": "",
            "id": "projects/sdypp2024g2/zones/us-east1-c/instances/worker-cpu-0",
            "instance_id": "9190252915765981965",
            "label_fingerprint": "42WmSpB8rSM=",
            "labels": {},
            "machine_type": "e2-micro",
            "metadata": {},
            "metadata_fingerprint": "YAzvH5lhCI0=",
            "metadata_startup_script": "#!/bin/bash\n\nsudo apt update\nsudo apt install python3\nsudo apt install python3-pip -y\npip install opencv-python numpy pika google-cloud-storage\npip install Flask\n\n\n#Docker\nsudo apt install docker.io -y\n\n# Esperar  que Docker esté cargado\nsleep 10\n\n# Clonar los contenedores\nsudo docker pull facundootero/worker_cpu\n\n# Esperar  antes de ejecutar el contenedor\nsleep 30\n\n# Correr el contenedor\nsudo docker run --rm --name worker_cpu -p 5000:5000 facundootero/worker_cpu",
            "min_cpu_platform": "",
            "name": "worker-cpu-0",
            "network_interface": [
              {
                "access_config": [
                  {
                    "nat_ip": "34.74.12.22",
                    "network_tier": "PREMIUM",
                    "public_ptr_domain_name": ""
                  }
                ],
                "alias_ip_range": [],
                "internal_ipv6_prefix_length": 0,
                "ipv6_access_config": [],
                "ipv6_access_type": "",
                "ipv6_address": "",
                "name": "nic0",
                "network": "https://www.googleapis.com/compute/v1/projects/sdypp2024g2/global/networks/default",
                "network_ip": "10.142.0.4",
                "nic_type": "",
                "queue_count": 0,
                "stack_type": "IPV4_ONLY",
                "subnetwork": "https://www.googleapis.com/compute/v1/projects/sdypp2024g2/regions/us-east1/subnetworks/default",
                "subnetwork_project": "sdypp2024g2"
              }
            ],
            "network_performance_config": [],
            "params": [],
            "project": "sdypp2024g2",
            "reservation_affinity": [],
            "resource_policies": [],
            "scheduling": [
              {
                "automatic_restart": true,
                "instance_termination_action": "",
                "local_ssd_recovery_timeout": [],
                "max_run_duration": [],
                "min_node_cpus": 0,
                "node_affinities": [],
                "on_host_maintenance": "MIGRATE",
                "on_instance_stop_action": [],
                "preemptible": false,
                "provisioning_model": "STANDARD"
              }
            ],
            "scratch_disk": [],
            "self_link": "https://www.googleapis.com/compute/v1/projects/sdypp2024g2/zones/us-east1-c/instances/worker-cpu-0",
            "service_account": [],
            "shielded_instance_config": [
              {
                "enable_integrity_monitoring": true,
                "enable_secure_boot": false,
                "enable_vtpm": true
              }
            ],
            "tags": [],
            "tags_fingerprint": "42WmSpB8rSM=",
            "terraform_labels": {},
            "timeouts": null,
            "zone": "us-east1-c"
          },
          "sensitive_attributes": [
            [
              {
                "type": "get_attr",
                "value": "boot_disk"
              },
              {
                "type": "index",
                "value": {
                  "value": 0,
                  "type": "number"
                }
              },
              {
                "type": "get_attr",
                "value": "disk_encryption_key_raw"
              }
            ]
          ],
          "private": "eyJlMmJmYjczMC1lY2FhLTExZTYtOGY4OC0zNDM2M2JjN2M0YzAiOnsiY3JlYXRlIjoxMjAwMDAwMDAwMDAwLCJkZWxldGUiOjEyMDAwMDAwMDAwMDAsInVwZGF0ZSI6MTIwMDAwMDAwMDAwMH0sInNjaGVtYV92ZXJzaW9uIjoiNiJ9"
        }
      ]
    },
    {
      "mode": "managed",
      "type": "google_compute_network",
      "name": "main",
      "provider": "provider[\"registry.terraform.io/hashicorp/google\"]",
      "instances": [
        {
          "schema_version": 0,
          "attributes": {
            "auto_create_subnetworks": false,
            "delete_default_routes_on_create": false,
            "description": "",
            "enable_ula_internal_ipv6": false,
            "gateway_ipv4": "",
            "id": "projects/sdypp2024g2/global/networks/main",
            "internal_ipv6_range": "",
            "mtu": 1460,
            "name": "main",
            "network_firewall_policy_enforcement_order": "AFTER_CLASSIC_FIREWALL",
            "numeric_id": "3068836466310807157",
            "project": "sdypp2024g2",
            "routing_mode": "REGIONAL",
            "self_link": "https://www.googleapis.com/compute/v1/projects/sdypp2024g2/global/networks/main",
            "timeouts": null
          },
          "sensitive_attributes": [],
          "private": "eyJlMmJmYjczMC1lY2FhLTExZTYtOGY4OC0zNDM2M2JjN2M0YzAiOnsiY3JlYXRlIjoxMjAwMDAwMDAwMDAwLCJkZWxldGUiOjEyMDAwMDAwMDAwMDAsInVwZGF0ZSI6MTIwMDAwMDAwMDAwMH19",
          "dependencies": [
            "google_project_service.compute",
            "google_project_service.container"
          ]
        }
      ]
    },
    {
      "mode": "managed",
      "type": "google_compute_router",
      "name": "router",
      "provider": "provider[\"registry.terraform.io/hashicorp/google\"]",
      "instances": [
        {
          "schema_version": 0,
          "attributes": {
            "bgp": [],
            "creation_timestamp": "2024-07-15T17:36:55.971-07:00",
            "description": "",
            "encrypted_interconnect_router": false,
            "id": "projects/sdypp2024g2/regions/us-east1/routers/router",
            "name": "router",
            "network": "https://www.googleapis.com/compute/v1/projects/sdypp2024g2/global/networks/main",
            "project": "sdypp2024g2",
            "region": "us-east1",
            "self_link": "https://www.googleapis.com/compute/v1/projects/sdypp2024g2/regions/us-east1/routers/router",
            "timeouts": null
          },
          "sensitive_attributes": [],
          "private": "eyJlMmJmYjczMC1lY2FhLTExZTYtOGY4OC0zNDM2M2JjN2M0YzAiOnsiY3JlYXRlIjoxMjAwMDAwMDAwMDAwLCJkZWxldGUiOjEyMDAwMDAwMDAwMDAsInVwZGF0ZSI6MTIwMDAwMDAwMDAwMH19",
          "dependencies": [
            "google_compute_network.main",
            "google_project_service.compute",
            "google_project_service.container"
          ]
        }
      ]
    },
    {
      "mode": "managed",
      "type": "google_compute_router_nat",
      "name": "nat",
      "provider": "provider[\"registry.terraform.io/hashicorp/google\"]",
      "instances": [
        {
          "schema_version": 0,
          "attributes": {
            "auto_network_tier": "",
            "drain_nat_ips": [],
            "enable_dynamic_port_allocation": false,
            "enable_endpoint_independent_mapping": false,
            "endpoint_types": [
              "ENDPOINT_TYPE_VM"
            ],
            "icmp_idle_timeout_sec": 30,
            "id": "sdypp2024g2/us-east1/router/nat",
            "log_config": [],
            "max_ports_per_vm": 0,
            "min_ports_per_vm": 0,
            "name": "nat",
            "nat_ip_allocate_option": "MANUAL_ONLY",
            "nat_ips": [
              "https://www.googleapis.com/compute/v1/projects/sdypp2024g2/regions/us-east1/addresses/nat"
            ],
            "project": "sdypp2024g2",
            "region": "us-east1",
            "router": "router",
            "rules": [],
            "source_subnetwork_ip_ranges_to_nat": "LIST_OF_SUBNETWORKS",
            "subnetwork": [
              {
                "name": "https://www.googleapis.com/compute/v1/projects/sdypp2024g2/regions/us-east1/subnetworks/private",
                "secondary_ip_range_names": [],
                "source_ip_ranges_to_nat": [
                  "ALL_IP_RANGES"
                ]
              }
            ],
            "tcp_established_idle_timeout_sec": 1200,
            "tcp_time_wait_timeout_sec": 120,
            "tcp_transitory_idle_timeout_sec": 30,
            "timeouts": null,
            "udp_idle_timeout_sec": 30
          },
          "sensitive_attributes": [],
          "private": "eyJlMmJmYjczMC1lY2FhLTExZTYtOGY4OC0zNDM2M2JjN2M0YzAiOnsiY3JlYXRlIjoxMjAwMDAwMDAwMDAwLCJkZWxldGUiOjEyMDAwMDAwMDAwMDAsInVwZGF0ZSI6MTIwMDAwMDAwMDAwMH19",
          "dependencies": [
            "google_compute_address.nat",
            "google_compute_network.main",
            "google_compute_router.router",
            "google_compute_subnetwork.private",
            "google_project_service.compute",
            "google_project_service.container"
          ]
        }
      ]
    },
    {
      "mode": "managed",
      "type": "google_compute_subnetwork",
      "name": "private",
      "provider": "provider[\"registry.terraform.io/hashicorp/google\"]",
      "instances": [
        {
          "schema_version": 0,
          "attributes": {
            "creation_timestamp": "2024-07-15T17:36:56.061-07:00",
            "description": "",
            "external_ipv6_prefix": "",
            "fingerprint": null,
            "gateway_address": "10.0.0.1",
            "id": "projects/sdypp2024g2/regions/us-east1/subnetworks/private",
            "internal_ipv6_prefix": "",
            "ip_cidr_range": "10.0.0.0/18",
            "ipv6_access_type": "",
            "ipv6_cidr_range": "",
            "log_config": [],
            "name": "private",
            "network": "https://www.googleapis.com/compute/v1/projects/sdypp2024g2/global/networks/main",
            "private_ip_google_access": true,
            "private_ipv6_google_access": "DISABLE_GOOGLE_ACCESS",
            "project": "sdypp2024g2",
            "purpose": "PRIVATE",
            "region": "us-east1",
            "role": "",
            "secondary_ip_range": [
              {
                "ip_cidr_range": "10.48.0.0/14",
                "range_name": "k8s-pod-range"
              },
              {
                "ip_cidr_range": "10.52.0.0/20",
                "range_name": "k8s-service-range"
              }
            ],
            "self_link": "https://www.googleapis.com/compute/v1/projects/sdypp2024g2/regions/us-east1/subnetworks/private",
            "stack_type": "IPV4_ONLY",
            "timeouts": null
          },
          "sensitive_attributes": [],
          "private": "eyJlMmJmYjczMC1lY2FhLTExZTYtOGY4OC0zNDM2M2JjN2M0YzAiOnsiY3JlYXRlIjoxMjAwMDAwMDAwMDAwLCJkZWxldGUiOjEyMDAwMDAwMDAwMDAsInVwZGF0ZSI6MTIwMDAwMDAwMDAwMH19",
          "dependencies": [
            "google_compute_network.main",
            "google_project_service.compute",
            "google_project_service.container"
          ]
        }
      ]
    },
    {
      "mode": "managed",
      "type": "google_container_cluster",
      "name": "cluster-integrador",
      "provider": "provider[\"registry.terraform.io/hashicorp/google\"]",
      "instances": [
        {
          "schema_version": 2,
          "attributes": {
            "addons_config": [
              {
                "cloudrun_config": [],
                "config_connector_config": [],
                "dns_cache_config": [],
                "gce_persistent_disk_csi_driver_config": [
                  {
                    "enabled": true
                  }
                ],
                "gcp_filestore_csi_driver_config": [],
                "gcs_fuse_csi_driver_config": [],
                "gke_backup_agent_config": [],
                "horizontal_pod_autoscaling": [
                  {
                    "disabled": false
                  }
                ],
                "http_load_balancing": [
                  {
                    "disabled": false
                  }
                ],
                "network_policy_config": [
                  {
                    "disabled": true
                  }
                ],
                "stateful_ha_config": []
              }
            ],
            "allow_net_admin": null,
            "authenticator_groups_config": [],
            "binary_authorization": [
              {
                "enabled": false,
                "evaluation_mode": ""
              }
            ],
            "cluster_autoscaling": [
              {
                "auto_provisioning_defaults": [],
                "autoscaling_profile": "BALANCED",
                "enabled": false,
                "resource_limits": []
              }
            ],
            "cluster_ipv4_cidr": "10.48.0.0/14",
            "confidential_nodes": [],
            "cost_management_config": [],
            "database_encryption": [
              {
                "key_name": "",
                "state": "DECRYPTED"
              }
            ],
            "datapath_provider": "",
            "default_max_pods_per_node": 110,
            "default_snat_status": [
              {
                "disabled": false
              }
            ],
            "deletion_protection": true,
            "description": "",
            "dns_config": [],
            "enable_autopilot": false,
            "enable_cilium_clusterwide_network_policy": false,
            "enable_intranode_visibility": false,
            "enable_k8s_beta_apis": [],
            "enable_kubernetes_alpha": false,
            "enable_l4_ilb_subsetting": false,
            "enable_legacy_abac": false,
            "enable_shielded_nodes": true,
            "enable_tpu": false,
            "endpoint": "34.148.110.164",
            "fleet": [],
            "gateway_api_config": [],
            "id": "projects/sdypp2024g2/locations/us-east1-b/clusters/cluster-integrador",
            "identity_service_config": [],
            "initial_node_count": 1,
            "ip_allocation_policy": [
              {
                "additional_pod_ranges_config": [],
                "cluster_ipv4_cidr_block": "10.48.0.0/14",
                "cluster_secondary_range_name": "k8s-pod-range",
                "pod_cidr_overprovision_config": [
                  {
                    "disabled": false
                  }
                ],
                "services_ipv4_cidr_block": "10.52.0.0/20",
                "services_secondary_range_name": "k8s-service-range",
                "stack_type": "IPV4"
              }
            ],
            "label_fingerprint": "a9dc16a7",
            "location": "us-east1-b",
            "logging_config": [
              {
                "enable_components": [
                  "SYSTEM_COMPONENTS",
                  "WORKLOADS"
                ]
              }
            ],
            "logging_service": "logging.googleapis.com/kubernetes",
            "maintenance_policy": [
              {
                "daily_maintenance_window": [
                  {
                    "duration": "PT4H0M0S",
                    "start_time": "03:00"
                  }
                ],
                "maintenance_exclusion": [],
                "recurring_window": []
              }
            ],
            "master_auth": [
              {
                "client_certificate": "",
                "client_certificate_config": [
                  {
                    "issue_client_certificate": false
                  }
                ],
                "client_key": "",
                "cluster_ca_certificate": "LS0tLS1CRUdJTiBDRVJUSUZJQ0FURS0tLS0tCk1JSUVMVENDQXBXZ0F3SUJBZ0lSQVBuN01HTTZ1SUx6OHRHL2FxS0NER0F3RFFZSktvWklodmNOQVFFTEJRQXcKTHpFdE1Dc0dBMVVFQXhNa1l6SmlNekZoWldZdE9ERmhNaTAwT1dVMUxXSmlOVEF0T1dGak5tTmhOVFE1WWpSaApNQ0FYRFRJME1EY3hOVEl6TXpjeU1Wb1lEekl3TlRRd056QTVNREF6TnpJeFdqQXZNUzB3S3dZRFZRUURFeVJqCk1tSXpNV0ZsWmkwNE1XRXlMVFE1WlRVdFltSTFNQzA1WVdNMlkyRTFORGxpTkdFd2dnR2lNQTBHQ1NxR1NJYjMKRFFFQkFRVUFBNElCandBd2dnR0tBb0lCZ1FEa2V3NEZob3NOYzdndXkxSXdmWjRwOEpRRHU4bEYzN0ZYTFczRwp5aFBhMi9PSnowa2tROUVNaTNkZnBPcDdLTWg4V3FNVnFibUdqUzNXWTV2Z3I4SWk3T2hCTVZOU3c3NWJzRHc4Ci9BYVFlOFQ4WC9DNjlHRmdOK1hjZ1ZBRTd2L2pRUFgyTFlIcDREc0hoT2lWUXFwOTAvM1lKNUNMK3hJMVRaSnIKc0xNK01SYjB2T1VBcXNqeFVKVDQrS3pZL3duNEhHSThDUGIzRjNaV3h6OFZSeURNMzdUNm9GN3JkaUh0MEpQRwpjRkFoSXFacG1xajNlSmxVc2RFU3N3bXY1b2dITUIxOVBtczBZUFNaN0dsSTZrNVczQzlSZWJXMzEzS1U1UFo1ClBib2w5clUxTnBsMkMzNlNudXNSN0ZLaWFJTnQ1T0k3eTRWWHNpcEJ3L29OTU1vVWlsK29JMDczQVg4RTlsWjEKbjQ2dENNcDFVM3g5OGpVaUJ5SVI1SUFlYVFSb0Vsenljb0oyM3dyMVlMdmd5REY1Z0NDSERZTFZmVm45dWNDUwo5a295L1JISFk2Um9oa2RLbVRRTEJ3YWZZWnpRdTlCVm02RmRURXdmZlRVZFVFQlZGMXp4Z0RNTitpcjJicHNMCi9IQjRmL0pxSWZsRDNqZVIzME91VlFXTW1ac0NBd0VBQWFOQ01FQXdEZ1lEVlIwUEFRSC9CQVFEQWdJRU1BOEcKQTFVZEV3RUIvd1FGTUFNQkFmOHdIUVlEVlIwT0JCWUVGQlAwUHpTS254VWpSVHdCZExMTk13bGxUbFIvTUEwRwpDU3FHU0liM0RRRUJDd1VBQTRJQmdRQ0U0TU92N0VBeFRjMEhuRGQvMk0ySmhudVlSRklPSE9BTTZXRjRiV09FCmR5NXJUcGducVZuUjYzNGNObElqRnZrbUNlWVdqdCtUVmJBS2FmNGhHR29WNGZFVUxmSkhKcUxZUEtFVnI4RjgKeFl2ZktKbHpUOEw3MnFmRWVPSDVTNW1YM2JiTHB4RlJnV1lBVXA1OFFzNzFvRks0Tm9VVmNkODJmVmdDQ3VIUwpqNU1LUjRJUEUzWFg0aWhidmlYOUl2cWZDSW1ldHVkZitZYXVwWEtQRnQxNmUwY1F4RWlia2N2WjJNL2p3c2JNCnhwem1SaDl5ZFBkSEZ1RjNkd2VWSHNMV1dLQkJ6aU9Hb010amtlelNWY2tiUTdqR1VMK2RVQmZrR0o5MUdhbHYKQjhuOVNsYmtwZ29UNXIvdUJyZzNpWThpKzhHZGpZNDkzczNNRU5xcEJxeVZzN3ptVmhWSnp5WnIzaVAwRDVlTAphTUlVZDJlQmpraXhSRFBlcVl2RTVKVWhpenBEdVdUZ1c2aXY5akgrUnZ1c3A0Y3BFNzdPNFJDOUJwY1dXN2N0ClVmdVNmVFZIUHhqblFqNjFyd1p3cTNuS3JXMEdQWk9UaEN5SXBaZlk0ZkpvdExVenl4VmhuRnlDYnNMbVl1czcKQytWL04xTlpZWDh0RDZEc28zM3dua1k9Ci0tLS0tRU5EIENFUlRJRklDQVRFLS0tLS0K"
              }
            ],
            "master_authorized_networks_config": [],
            "master_version": "1.30.1-gke.1329003",
            "mesh_certificates": [],
            "min_master_version": null,
            "monitoring_config": [
              {
                "advanced_datapath_observability_config": [
                  {
                    "enable_metrics": false,
                    "enable_relay": false,
                    "relay_mode": "DISABLED"
                  }
                ],
                "enable_components": [
                  "SYSTEM_COMPONENTS"
                ],
                "managed_prometheus": [
                  {
                    "enabled": true
                  }
                ]
              }
            ],
            "monitoring_service": "monitoring.googleapis.com/kubernetes",
            "name": "cluster-integrador",
            "network": "projects/sdypp2024g2/global/networks/main",
            "network_policy": [
              {
                "enabled": false,
                "provider": "PROVIDER_UNSPECIFIED"
              }
            ],
            "networking_mode": "VPC_NATIVE",
            "node_config": [
              {
                "advanced_machine_features": [],
                "boot_disk_kms_key": "",
                "confidential_nodes": [],
                "containerd_config": [],
                "disk_size_gb": 100,
                "disk_type": "pd-balanced",
                "effective_taints": [
                  {
                    "effect": "NO_SCHEDULE",
                    "key": "instance_type",
                    "value": "spot"
                  }
                ],
                "enable_confidential_storage": false,
                "ephemeral_storage_local_ssd_config": [],
                "fast_socket": [],
                "gcfs_config": [],
                "guest_accelerator": [],
                "gvnic": [],
                "host_maintenance_policy": [],
                "image_type": "COS_CONTAINERD",
                "kubelet_config": [],
                "labels": {
                  "team": "devops"
                },
                "linux_node_config": [],
                "local_nvme_ssd_block_config": [],
                "local_ssd_count": 0,
                "logging_variant": "DEFAULT",
                "machine_type": "e2-small",
                "metadata": {
                  "disable-legacy-endpoints": "true"
                },
                "min_cpu_platform": "",
                "node_group": "",
                "oauth_scopes": [
                  "https://www.googleapis.com/auth/cloud-platform"
                ],
                "preemptible": true,
                "reservation_affinity": [],
                "resource_labels": {},
                "resource_manager_tags": {},
                "secondary_boot_disks": [],
                "service_account": "kubernetes@sdypp2024g2.iam.gserviceaccount.com",
                "shielded_instance_config": [
                  {
                    "enable_integrity_monitoring": true,
                    "enable_secure_boot": false
                  }
                ],
                "sole_tenant_config": [],
                "spot": false,
                "tags": [],
                "taint": [],
                "workload_metadata_config": [
                  {
                    "mode": "GKE_METADATA"
                  }
                ]
              }
            ],
            "node_locations": [],
            "node_pool": [
              {
                "autoscaling": [
                  {
                    "location_policy": "ANY",
                    "max_node_count": 10,
                    "min_node_count": 2,
                    "total_max_node_count": 0,
                    "total_min_node_count": 0
                  }
                ],
                "initial_node_count": 2,
                "instance_group_urls": [
                  "https://www.googleapis.com/compute/v1/projects/sdypp2024g2/zones/us-east1-b/instanceGroupManagers/gke-cluster-integrador-spot-805ef164-grp"
                ],
                "managed_instance_group_urls": [
                  "https://www.googleapis.com/compute/v1/projects/sdypp2024g2/zones/us-east1-b/instanceGroups/gke-cluster-integrador-spot-805ef164-grp"
                ],
                "management": [
                  {
                    "auto_repair": true,
                    "auto_upgrade": true
                  }
                ],
                "max_pods_per_node": 110,
                "name": "spot",
                "name_prefix": "",
                "network_config": [
                  {
                    "create_pod_range": false,
                    "enable_private_nodes": true,
                    "network_performance_config": [],
                    "pod_cidr_overprovision_config": [],
                    "pod_ipv4_cidr_block": "10.48.0.0/14",
                    "pod_range": "k8s-pod-range"
                  }
                ],
                "node_config": [
                  {
                    "advanced_machine_features": [],
                    "boot_disk_kms_key": "",
                    "confidential_nodes": [],
                    "containerd_config": [],
                    "disk_size_gb": 100,
                    "disk_type": "pd-balanced",
                    "effective_taints": [
                      {
                        "effect": "NO_SCHEDULE",
                        "key": "instance_type",
                        "value": "spot"
                      }
                    ],
                    "enable_confidential_storage": false,
                    "ephemeral_storage_local_ssd_config": [],
                    "fast_socket": [],
                    "gcfs_config": [],
                    "guest_accelerator": [],
                    "gvnic": [],
                    "host_maintenance_policy": [],
                    "image_type": "COS_CONTAINERD",
                    "kubelet_config": [],
                    "labels": {
                      "team": "devops"
                    },
                    "linux_node_config": [],
                    "local_nvme_ssd_block_config": [],
                    "local_ssd_count": 0,
                    "logging_variant": "DEFAULT",
                    "machine_type": "e2-small",
                    "metadata": {
                      "disable-legacy-endpoints": "true"
                    },
                    "min_cpu_platform": "",
                    "node_group": "",
                    "oauth_scopes": [
                      "https://www.googleapis.com/auth/cloud-platform"
                    ],
                    "preemptible": true,
                    "reservation_affinity": [],
                    "resource_labels": {},
                    "resource_manager_tags": {},
                    "secondary_boot_disks": [],
                    "service_account": "kubernetes@sdypp2024g2.iam.gserviceaccount.com",
                    "shielded_instance_config": [
                      {
                        "enable_integrity_monitoring": true,
                        "enable_secure_boot": false
                      }
                    ],
                    "sole_tenant_config": [],
                    "spot": false,
                    "tags": [],
                    "taint": [],
                    "workload_metadata_config": [
                      {
                        "mode": "GKE_METADATA"
                      }
                    ]
                  }
                ],
                "node_count": 2,
                "node_locations": [
                  "us-east1-b"
                ],
                "placement_policy": [],
                "queued_provisioning": [],
                "upgrade_settings": [
                  {
                    "blue_green_settings": [],
                    "max_surge": 1,
                    "max_unavailable": 0,
                    "strategy": "SURGE"
                  }
                ],
                "version": "1.30.1-gke.1329003"
              },
              {
                "autoscaling": [
                  {
                    "location_policy": "BALANCED",
                    "max_node_count": 10,
                    "min_node_count": 1,
                    "total_max_node_count": 0,
                    "total_min_node_count": 0
                  }
                ],
                "initial_node_count": 0,
                "instance_group_urls": [
                  "https://www.googleapis.com/compute/v1/projects/sdypp2024g2/zones/us-east1-b/instanceGroupManagers/gke-cluster-integrador-general-900af205-grp"
                ],
                "managed_instance_group_urls": [
                  "https://www.googleapis.com/compute/v1/projects/sdypp2024g2/zones/us-east1-b/instanceGroups/gke-cluster-integrador-general-900af205-grp"
                ],
                "management": [
                  {
                    "auto_repair": true,
                    "auto_upgrade": true
                  }
                ],
                "max_pods_per_node": 110,
                "name": "general",
                "name_prefix": "",
                "network_config": [
                  {
                    "create_pod_range": false,
                    "enable_private_nodes": true,
                    "network_performance_config": [],
                    "pod_cidr_overprovision_config": [],
                    "pod_ipv4_cidr_block": "10.48.0.0/14",
                    "pod_range": "k8s-pod-range"
                  }
                ],
                "node_config": [
                  {
                    "advanced_machine_features": [],
                    "boot_disk_kms_key": "",
                    "confidential_nodes": [],
                    "containerd_config": [],
                    "disk_size_gb": 100,
                    "disk_type": "pd-balanced",
                    "effective_taints": [],
                    "enable_confidential_storage": false,
                    "ephemeral_storage_local_ssd_config": [],
                    "fast_socket": [],
                    "gcfs_config": [],
                    "guest_accelerator": [],
                    "gvnic": [],
                    "host_maintenance_policy": [],
                    "image_type": "COS_CONTAINERD",
                    "kubelet_config": [],
                    "labels": {
                      "role": "general"
                    },
                    "linux_node_config": [],
                    "local_nvme_ssd_block_config": [],
                    "local_ssd_count": 0,
                    "logging_variant": "DEFAULT",
                    "machine_type": "e2-small",
                    "metadata": {
                      "disable-legacy-endpoints": "true"
                    },
                    "min_cpu_platform": "",
                    "node_group": "",
                    "oauth_scopes": [
                      "https://www.googleapis.com/auth/cloud-platform"
                    ],
                    "preemptible": false,
                    "reservation_affinity": [],
                    "resource_labels": {},
                    "resource_manager_tags": {},
                    "secondary_boot_disks": [],
                    "service_account": "kubernetes@sdypp2024g2.iam.gserviceaccount.com",
                    "shielded_instance_config": [
                      {
                        "enable_integrity_monitoring": true,
                        "enable_secure_boot": false
                      }
                    ],
                    "sole_tenant_config": [],
                    "spot": false,
                    "tags": [],
                    "taint": [],
                    "workload_metadata_config": [
                      {
                        "mode": "GKE_METADATA"
                      }
                    ]
                  }
                ],
                "node_count": 2,
                "node_locations": [
                  "us-east1-b"
                ],
                "placement_policy": [],
                "queued_provisioning": [],
                "upgrade_settings": [
                  {
                    "blue_green_settings": [],
                    "max_surge": 1,
                    "max_unavailable": 0,
                    "strategy": "SURGE"
                  }
                ],
                "version": "1.30.1-gke.1329003"
              }
            ],
            "node_pool_auto_config": [],
            "node_pool_defaults": [
              {
                "node_config_defaults": [
                  {
                    "containerd_config": [],
                    "logging_variant": "DEFAULT"
                  }
                ]
              }
            ],
            "node_version": "1.30.1-gke.1329003",
            "notification_config": [
              {
                "pubsub": [
                  {
                    "enabled": false,
                    "filter": [],
                    "topic": ""
                  }
                ]
              }
            ],
            "operation": null,
            "private_cluster_config": [
              {
                "enable_private_endpoint": false,
                "enable_private_nodes": true,
                "master_global_access_config": [
                  {
                    "enabled": false
                  }
                ],
                "master_ipv4_cidr_block": "172.16.0.0/28",
                "peering_name": "",
                "private_endpoint": "172.16.0.2",
                "private_endpoint_subnetwork": "",
                "public_endpoint": "34.148.110.164"
              }
            ],
            "private_ipv6_google_access": "",
            "project": "sdypp2024g2",
            "release_channel": [
              {
                "channel": "RAPID"
              }
            ],
            "remove_default_node_pool": true,
            "resource_labels": {},
            "resource_usage_export_config": [],
            "security_posture_config": [
              {
                "mode": "BASIC",
                "vulnerability_mode": "VULNERABILITY_MODE_UNSPECIFIED"
              }
            ],
            "self_link": "https://container.googleapis.com/v1/projects/sdypp2024g2/zones/us-east1-b/clusters/cluster-integrador",
            "service_external_ips_config": [
              {
                "enabled": false
              }
            ],
            "services_ipv4_cidr": "10.52.0.0/20",
            "subnetwork": "projects/sdypp2024g2/regions/us-east1/subnetworks/private",
            "timeouts": null,
            "tpu_ipv4_cidr_block": "",
            "vertical_pod_autoscaling": [],
            "workload_identity_config": [
              {
                "workload_pool": "sdypp2024g2.svc.id.goog"
              }
            ]
          },
          "sensitive_attributes": [
            [
              {
                "type": "get_attr",
                "value": "master_auth"
              },
              {
                "type": "index",
                "value": {
                  "value": 0,
                  "type": "number"
                }
              },
              {
                "type": "get_attr",
                "value": "client_key"
              }
            ]
          ],
          "private": "eyJlMmJmYjczMC1lY2FhLTExZTYtOGY4OC0zNDM2M2JjN2M0YzAiOnsiY3JlYXRlIjoyNDAwMDAwMDAwMDAwLCJkZWxldGUiOjI0MDAwMDAwMDAwMDAsInJlYWQiOjI0MDAwMDAwMDAwMDAsInVwZGF0ZSI6MzYwMDAwMDAwMDAwMH0sInNjaGVtYV92ZXJzaW9uIjoiMiJ9",
          "dependencies": [
            "google_compute_network.main",
            "google_compute_subnetwork.private",
            "google_project_service.compute",
            "google_project_service.container"
          ]
        }
      ]
    },
    {
      "mode": "managed",
      "type": "google_project_service",
      "name": "cloud_resource_manager",
      "provider": "provider[\"registry.terraform.io/hashicorp/google\"]",
      "instances": [
        {
          "schema_version": 0,
          "attributes": {
            "disable_dependent_services": null,
            "disable_on_destroy": false,
            "id": "sdypp2024g2/cloudresourcemanager.googleapis.com",
            "project": "sdypp2024g2",
            "service": "cloudresourcemanager.googleapis.com",
            "timeouts": null
          },
          "sensitive_attributes": [],
          "private": "eyJlMmJmYjczMC1lY2FhLTExZTYtOGY4OC0zNDM2M2JjN2M0YzAiOnsiY3JlYXRlIjoxMjAwMDAwMDAwMDAwLCJkZWxldGUiOjEyMDAwMDAwMDAwMDAsInJlYWQiOjYwMDAwMDAwMDAwMCwidXBkYXRlIjoxMjAwMDAwMDAwMDAwfX0="
        }
      ]
    },
    {
      "mode": "managed",
      "type": "google_project_service",
      "name": "compute",
      "provider": "provider[\"registry.terraform.io/hashicorp/google\"]",
      "instances": [
        {
          "schema_version": 0,
          "attributes": {
            "disable_dependent_services": null,
            "disable_on_destroy": true,
            "id": "sdypp2024g2/compute.googleapis.com",
            "project": "sdypp2024g2",
            "service": "compute.googleapis.com",
            "timeouts": null
          },
          "sensitive_attributes": [],
          "private": "eyJlMmJmYjczMC1lY2FhLTExZTYtOGY4OC0zNDM2M2JjN2M0YzAiOnsiY3JlYXRlIjoxMjAwMDAwMDAwMDAwLCJkZWxldGUiOjEyMDAwMDAwMDAwMDAsInJlYWQiOjYwMDAwMDAwMDAwMCwidXBkYXRlIjoxMjAwMDAwMDAwMDAwfX0="
        }
      ]
    },
    {
      "mode": "managed",
      "type": "google_project_service",
      "name": "container",
      "provider": "provider[\"registry.terraform.io/hashicorp/google\"]",
      "instances": [
        {
          "schema_version": 0,
          "attributes": {
            "disable_dependent_services": null,
            "disable_on_destroy": true,
            "id": "sdypp2024g2/container.googleapis.com",
            "project": "sdypp2024g2",
            "service": "container.googleapis.com",
            "timeouts": null
          },
          "sensitive_attributes": [],
          "private": "eyJlMmJmYjczMC1lY2FhLTExZTYtOGY4OC0zNDM2M2JjN2M0YzAiOnsiY3JlYXRlIjoxMjAwMDAwMDAwMDAwLCJkZWxldGUiOjEyMDAwMDAwMDAwMDAsInJlYWQiOjYwMDAwMDAwMDAwMCwidXBkYXRlIjoxMjAwMDAwMDAwMDAwfX0="
        }
      ]
    },
    {
      "mode": "managed",
      "type": "local_file",
      "name": "ssh_private_key_pem",
      "provider": "provider[\"registry.terraform.io/hashicorp/local\"]",
      "instances": [
        {
          "schema_version": 0,
          "attributes": {
            "content": "-----BEGIN RSA PRIVATE KEY-----\nMIIJJwIBAAKCAgEA3LoVrUiKBvLNaV+oI3zJWcHqga67DlYMd//mFK/iSQx0sifh\nDrvFL958U+R6rX09GBEs3ky4WH+UeW4dkQy0EF/nYXk8NUyLRuqm2XFqat8MDx/n\nGHdSp0BKusyO686jkheRErip0jXhnxQm0GnjPEprWnsVwp1UX6KowAFh+XWZXni/\nP2aoVzKMKbOQX3hsacyWW1vOJ/LIiTHcdcbhEULmCvr+cYfIK+tO14KLpWEZB982\nqaUhMXSPS+e9JSohVhmyqSsAuI+9eT4yO1+/XY2NNxCqYVzTaJTwWJLDk56cvsB8\nH2j2Azh7tSREb1XKIdAO+jWYYaDVBmk9y+HaSAGKhfRDR9Lw+GIBXLhH8liSYOII\nLRtwSdmRfUJhTfegZTuQzY2/fMGj01fb6GDJdpF8psyq5/8AvDSg2KiGIF6RpqWq\nQTh796+LxG5iE4s873mM7P8AcV0GFVIo8fkfwQBNwj6itFeSl0OwzSF8ncrDZx+n\nJ8PYE9ZQxdMsljThhQOh8IDD1l+vQ6Ji+FFmX7cubvSZJP4FIVFZuGIdFrJnIhQU\nx3k0G++bySvZZhGoAj9PgNLYer9nAzdjbPRX3FNbAwZ3hanS36XxoNN1egM2mlMU\nsBlh2yihp/xBKJsHLZFibXnfm5IYX+Ec6rbuHcepzFPb7uT8m4MJ15m9bisCAwEA\nAQKCAgBnNihut827BAwjKtSfi3lHnFKAw2i6gmggMKuwnrHsQIPMzrMBRbIl+R4f\nyGXI/Bf2Sgm2BR/qWfXediwjKFKGmaHDRYJu1dUGmzDb2pnNUXD9HYjdOuaOSJTp\nFj/6acy4woZWv7zBC+rtjOm9aNYV2iKq04VQVGsgsRnBdqQOlvvZXhLnnaQ36e36\njfmDevcO3dis7ZfPvEojRQp2lEGn5aVWGxmhksF6L/TU9zk/YtDmimywFQQZcQyU\njM84MqQV87xEOFSE+Mm7iObKNrJwF4Gh7wwMrPA6JfLhJ/eF7pQS6kTgFx96UA4g\nnM3XVcFH4FcwjqErfZ4++jUoQfrj9GsfAPF4y77KM1Zc+SHX2gQpMAh0Paqxv0VC\nE0qESGMC5P2ToA5kxqyKDQjbSgU66XRPi/5OaebTPmNZF9zBkBFTrIF4e0sxfotC\nChT8TNCo3zK4BByH+usXOKtS1oe8seJSEGGpvYgxkDgUFArOlYGGLezhWugLyTzh\nQsj1sTqowJN22/77oBNI0WWZmiydz6BzpM27VkEIM7Ngz+7vysYjxnT/ZlXxHD/1\ntubT1iQHSBSlDTaHuObaVmJ3Kfl59E2RyP8toAbE7r1IrXewnWIA4XgniAEVhAGG\nI7wdZVp0cH//sdLfYRX+i3f4NucxhthCYYoYdqkFxk9hhRwtwQKCAQEA65jlxwrC\nxvjYcA+DZqRwbNAGreaB+mK1p4SDxmqE1hbbbi6fiGTJjN+U8uMLzlPwA51CLHyP\no9I/R8DhAxs1tyUUmu2x1HSGuhZ9JiNPH3d5kbqC5uWeWH5OnXS6QOg4Z1jbmYrR\nkUP9+T+3YnVHCBsbTa7ImckJAWRrXdkEwxeoCX0R6RowVXxUHHa5kMjFfdEZOw4U\n3mBVN1pGHD4YsWBcgFyPHt0wUqEjWxauLQNbIh4U1elGxVtUjLuHYMdS2z/cbK1N\nhV6JZOnUZQAFe4cnM3sm+WHi2gXDkfApcWNQVfLeKQGFC/OjIowu1xO2d+Vphkej\nv5uXfj6IIzwfiwKCAQEA79eESpao+W1rgOW5nMPri/EbQbWV7SS9hY30BlBB9ctw\nQa4gcNmT7d/L72ku4eYRTcw0XRoRNs62FovzLNdYLmNKqSWokiLRdHZAPtr6kk6y\nvzfG2vnZ8pG7kGLBlztKdzL4NxxDHdaDXf4Rfj8YRZnnw4r16t4oqzuK4z4yAGaD\nMHVJhlA1WPmyYGLTiMCfE1g2Nl6trvLov6wnydqM4Vdhc95l2lUe3r0yr3/5Z0E9\nadSteV3di6NRMdzSSLOU221xT89Cf9MAcLY0R1w8DubobCtzQOzV59lzHIymTNXp\nwTm1xybONMRHpXVHH7BdL8HnK2eEfPBNtmjr7re/4QKCAQAXKWn1noY1n4NPyQan\nEaWH3Q+7Cv1eS1QGiw2VdSVoEskx1N2UQCxccCKpmk6v0yq2gEBgNUK93U6hVEIK\n1yL5xWh4LsQb2fTg2JMnK7N8qXdHL2ntH0fo9UnvSumAthPNfTvhpXci6+dNGMmD\noXoBPwD5KyTHka8T9vZjPJGuSGYZwLUBELUNwnJWdgmaRVK9ItBzMNg2YIwgK/zW\ni/hLf+i4KeFcLGyywurB6sHm5PyRpxlvSkbN4kO2rj0J866epXGbMZJ8eSXSyPY7\nk7v2P/xHoGTdgZUW0BhBAbZhUl00hfL3XxHgcexo2hVEychXkzNDo0li7f3/yFAD\n/sYvAoIBADWpS5EAqme8IoxhWakIcMALvuRxw0yepsSl4Q40kL10ufYIBnwZQi67\nnr4/E105g2+bm6+k8GsJztW2lD7ZI4KldoPnyBKCNcjP2En35o4ri3Sa/yPpOOk7\nz/JbFiNHAb8vqTdzXFTltNinyrQrW7ve1mr6wVC+Se0d0lJLjRZn2TxTUZL6iSUS\nIOXN1rRHHJBQcTiy8DsvYAHae8B+5Hxad5RcEv/JgbGmNRvtDxkaEKqIChQYe0QN\n01HLrUTU4R5DG1IW9jLxO6z8JzA8I7fV0/S3t/6zvpw0G7wsf9y7E6TGy7P2K7bE\nn58WYUZmyEKyKI2eiJcHkOuaCAeOFyECggEAIrcpCtI9I+k7apF1QF5UqLXOB3DC\n24RA0x+H5sMNWZuz1rsDCdAGSg8eeS9V6Le5n9eucQ4JRM4s8GobThARTqF6mP75\nxIbYnMC66YrC5F3CVmrPlRao+iJGOeGmZqt//L/l6XrJjLnUZCqcuy/1wBAVerVK\n8br7pQ0k5lMlqiSDwpbPj69t2d/yAtmrmLqn+fQADk0ozVavm+QFWufHn/cTZGxX\niqQCro4mdRCrYELC4+JPc7MNfyQnLCd/zyRLBprw/pkMRE9G4TP85VhFPuoHyqb7\n0h1jXRIYZ6M+0nCrzrm0UDEcMLZ1ccdbuAbY8zGjd+KwAOftza6rEq2irA==\n-----END RSA PRIVATE KEY-----\n",
            "content_base64": null,
            "content_base64sha256": "VrEjr1ZvPpnZNAQUYW3PrZ3iBCMyI4Sd9G2nrX4Homk=",
            "content_base64sha512": "gzbIBiyZ8sFTX8x5GFtDg89fdNmRzgJWcHPnDCwfLYtdEgXMIhTkkVCLfPUgrqoEwVbA4UoVD8HAk0HuqHY+wg==",
            "content_md5": "a37f66c20bcfefba282bc663d915b4bf",
            "content_sha1": "1f64033a9ace3477ec3e22783239942b489f7226",
            "content_sha256": "56b123af566f3e99d9340414616dcfad9de204233223849df46da7ad7e07a269",
            "content_sha512": "8336c8062c99f2c1535fcc79185b4383cf5f74d991ce02567073e70c2c1f2d8b5d1205cc2214e491508b7cf520aeaa04c156c0e14a150fc1c09341eea8763ec2",
            "directory_permission": "0777",
            "file_permission": "0600",
            "filename": ".ssh/google_compute_engine",
            "id": "1f64033a9ace3477ec3e22783239942b489f7226",
            "sensitive_content": null,
            "source": null
          },
          "sensitive_attributes": [
            [
              {
                "type": "get_attr",
                "value": "content"
              }
            ],
            [
              {
                "type": "get_attr",
                "value": "sensitive_content"
              }
            ]
          ],
          "dependencies": [
            "tls_private_key.ssh_key"
          ]
        }
      ]
    },
    {
      "mode": "managed",
      "type": "tls_private_key",
      "name": "ssh_key",
      "provider": "provider[\"registry.terraform.io/hashicorp/tls\"]",
      "instances": [
        {
          "schema_version": 1,
          "attributes": {
            "algorithm": "RSA",
            "ecdsa_curve": "P224",
            "id": "2fe00c8f74e007ae3754fad057976dfe1ae9572a",
            "private_key_openssh": "-----BEGIN OPENSSH PRIVATE KEY-----\nb3BlbnNzaC1rZXktdjEAAAAABG5vbmUAAAAEbm9uZQAAAAAAAAABAAACFwAAAAdz\nc2gtcnNhAAAAAwEAAQAAAgEA3LoVrUiKBvLNaV+oI3zJWcHqga67DlYMd//mFK/i\nSQx0sifhDrvFL958U+R6rX09GBEs3ky4WH+UeW4dkQy0EF/nYXk8NUyLRuqm2XFq\nat8MDx/nGHdSp0BKusyO686jkheRErip0jXhnxQm0GnjPEprWnsVwp1UX6KowAFh\n+XWZXni/P2aoVzKMKbOQX3hsacyWW1vOJ/LIiTHcdcbhEULmCvr+cYfIK+tO14KL\npWEZB982qaUhMXSPS+e9JSohVhmyqSsAuI+9eT4yO1+/XY2NNxCqYVzTaJTwWJLD\nk56cvsB8H2j2Azh7tSREb1XKIdAO+jWYYaDVBmk9y+HaSAGKhfRDR9Lw+GIBXLhH\n8liSYOIILRtwSdmRfUJhTfegZTuQzY2/fMGj01fb6GDJdpF8psyq5/8AvDSg2KiG\nIF6RpqWqQTh796+LxG5iE4s873mM7P8AcV0GFVIo8fkfwQBNwj6itFeSl0OwzSF8\nncrDZx+nJ8PYE9ZQxdMsljThhQOh8IDD1l+vQ6Ji+FFmX7cubvSZJP4FIVFZuGId\nFrJnIhQUx3k0G++bySvZZhGoAj9PgNLYer9nAzdjbPRX3FNbAwZ3hanS36XxoNN1\negM2mlMUsBlh2yihp/xBKJsHLZFibXnfm5IYX+Ec6rbuHcepzFPb7uT8m4MJ15m9\nbisAAAc4jyzeGo8s3hoAAAAHc3NoLXJzYQAAAgEA3LoVrUiKBvLNaV+oI3zJWcHq\nga67DlYMd//mFK/iSQx0sifhDrvFL958U+R6rX09GBEs3ky4WH+UeW4dkQy0EF/n\nYXk8NUyLRuqm2XFqat8MDx/nGHdSp0BKusyO686jkheRErip0jXhnxQm0GnjPEpr\nWnsVwp1UX6KowAFh+XWZXni/P2aoVzKMKbOQX3hsacyWW1vOJ/LIiTHcdcbhEULm\nCvr+cYfIK+tO14KLpWEZB982qaUhMXSPS+e9JSohVhmyqSsAuI+9eT4yO1+/XY2N\nNxCqYVzTaJTwWJLDk56cvsB8H2j2Azh7tSREb1XKIdAO+jWYYaDVBmk9y+HaSAGK\nhfRDR9Lw+GIBXLhH8liSYOIILRtwSdmRfUJhTfegZTuQzY2/fMGj01fb6GDJdpF8\npsyq5/8AvDSg2KiGIF6RpqWqQTh796+LxG5iE4s873mM7P8AcV0GFVIo8fkfwQBN\nwj6itFeSl0OwzSF8ncrDZx+nJ8PYE9ZQxdMsljThhQOh8IDD1l+vQ6Ji+FFmX7cu\nbvSZJP4FIVFZuGIdFrJnIhQUx3k0G++bySvZZhGoAj9PgNLYer9nAzdjbPRX3FNb\nAwZ3hanS36XxoNN1egM2mlMUsBlh2yihp/xBKJsHLZFibXnfm5IYX+Ec6rbuHcep\nzFPb7uT8m4MJ15m9bisAAAADAQABAAACAGc2KG63zbsEDCMq1J+LeUecUoDDaLqC\naCAwq7CesexAg8zOswFFsiX5Hh/IZcj8F/ZKCbYFH+pZ9d52LCMoUoaZocNFgm7V\n1QabMNvamc1RcP0diN065o5IlOkWP/ppzLjChla/vMEL6u2M6b1o1hXaIqrThVBU\nayCxGcF2pA6W+9leEuedpDfp7fqN+YN69w7d2Kztl8+8SiNFCnaUQaflpVYbGaGS\nwXov9NT3OT9i0OaKbLAVBBlxDJSMzzgypBXzvEQ4VIT4ybuI5so2snAXgaHvDAys\n8Dol8uEn94XulBLqROAXH3pQDiCczddVwUfgVzCOoSt9nj76NShB+uP0ax8A8XjL\nvsozVlz5IdfaBCkwCHQ9qrG/RUITSoRIYwLk/ZOgDmTGrIoNCNtKBTrpdE+L/k5p\n5tM+Y1kX3MGQEVOsgXh7SzF+i0IKFPxM0KjfMrgEHIf66xc4q1LWh7yx4lIQYam9\niDGQOBQUCs6VgYYt7OFa6AvJPOFCyPWxOqjAk3bb/vugE0jRZZmaLJ3PoHOkzbtW\nQQgzs2DP7u/KxiPGdP9mVfEcP/W25tPWJAdIFKUNNoe45tpWYncp+Xn0TZHI/y2g\nBsTuvUitd7CdYgDheCeIARWEAYYjvB1lWnRwf/+x0t9hFf6Ld/g25zGG2EJhihh2\nqQXGT2GFHC3BAAABACK3KQrSPSPpO2qRdUBeVKi1zgdwwtuEQNMfh+bDDVmbs9a7\nAwnQBkoPHnkvVei3uZ/XrnEOCUTOLPBqG04QEU6hepj++cSG2JzAuumKwuRdwlZq\nz5UWqPoiRjnhpmarf/y/5el6yYy51GQqnLsv9cAQFXq1SvG6+6UNJOZTJaokg8KW\nz4+vbdnf8gLZq5i6p/n0AA5NKM1Wr5vkBVrnx5/3E2RsV4qkAq6OJnUQq2BCwuPi\nT3OzDX8kJywnf88kSwaa8P6ZDERPRuEz/OVYRT7qB8qm+9IdY10SGGejPtJwq865\ntFAxHDC2dXHHW7gG2PMxo3fisADn7c2uqxKtoqwAAAEBAOuY5ccKwsb42HAPg2ak\ncGzQBq3mgfpitaeEg8ZqhNYW224un4hkyYzflPLjC85T8AOdQix8j6PSP0fA4QMb\nNbclFJrtsdR0hroWfSYjTx93eZG6gublnlh+Tp10ukDoOGdY25mK0ZFD/fk/t2J1\nRwgbG02uyJnJCQFka13ZBMMXqAl9EekaMFV8VBx2uZDIxX3RGTsOFN5gVTdaRhw+\nGLFgXIBcjx7dMFKhI1sWri0DWyIeFNXpRsVbVIy7h2DHUts/3GytTYVeiWTp1GUA\nBXuHJzN7Jvlh4toFw5HwKXFjUFXy3ikBhQvzoyKMLtcTtnflaYZHo7+bl34+iCM8\nH4sAAAEBAO/XhEqWqPlta4DluZzD64vxG0G1le0kvYWN9AZQQfXLcEGuIHDZk+3f\ny+9pLuHmEU3MNF0aETbOthaL8yzXWC5jSqklqJIi0XR2QD7a+pJOsr83xtr52fKR\nu5BiwZc7Sncy+DccQx3Wg13+EX4/GEWZ58OK9ereKKs7iuM+MgBmgzB1SYZQNVj5\nsmBi04jAnxNYNjZera7y6L+sJ8najOFXYXPeZdpVHt69Mq9/+WdBPWnUrXld3Yuj\nUTHc0kizlNttcU/PQn/TAHC2NEdcPA7m6Gwrc0Ds1efZcxyMpkzV6cE5tccmzjTE\nR6V1Rx+wXS/B5ytnhHzwTbZo6+63v+EAAAAAAQID\n-----END OPENSSH PRIVATE KEY-----\n",
            "private_key_pem": "-----BEGIN RSA PRIVATE KEY-----\nMIIJJwIBAAKCAgEA3LoVrUiKBvLNaV+oI3zJWcHqga67DlYMd//mFK/iSQx0sifh\nDrvFL958U+R6rX09GBEs3ky4WH+UeW4dkQy0EF/nYXk8NUyLRuqm2XFqat8MDx/n\nGHdSp0BKusyO686jkheRErip0jXhnxQm0GnjPEprWnsVwp1UX6KowAFh+XWZXni/\nP2aoVzKMKbOQX3hsacyWW1vOJ/LIiTHcdcbhEULmCvr+cYfIK+tO14KLpWEZB982\nqaUhMXSPS+e9JSohVhmyqSsAuI+9eT4yO1+/XY2NNxCqYVzTaJTwWJLDk56cvsB8\nH2j2Azh7tSREb1XKIdAO+jWYYaDVBmk9y+HaSAGKhfRDR9Lw+GIBXLhH8liSYOII\nLRtwSdmRfUJhTfegZTuQzY2/fMGj01fb6GDJdpF8psyq5/8AvDSg2KiGIF6RpqWq\nQTh796+LxG5iE4s873mM7P8AcV0GFVIo8fkfwQBNwj6itFeSl0OwzSF8ncrDZx+n\nJ8PYE9ZQxdMsljThhQOh8IDD1l+vQ6Ji+FFmX7cubvSZJP4FIVFZuGIdFrJnIhQU\nx3k0G++bySvZZhGoAj9PgNLYer9nAzdjbPRX3FNbAwZ3hanS36XxoNN1egM2mlMU\nsBlh2yihp/xBKJsHLZFibXnfm5IYX+Ec6rbuHcepzFPb7uT8m4MJ15m9bisCAwEA\nAQKCAgBnNihut827BAwjKtSfi3lHnFKAw2i6gmggMKuwnrHsQIPMzrMBRbIl+R4f\nyGXI/Bf2Sgm2BR/qWfXediwjKFKGmaHDRYJu1dUGmzDb2pnNUXD9HYjdOuaOSJTp\nFj/6acy4woZWv7zBC+rtjOm9aNYV2iKq04VQVGsgsRnBdqQOlvvZXhLnnaQ36e36\njfmDevcO3dis7ZfPvEojRQp2lEGn5aVWGxmhksF6L/TU9zk/YtDmimywFQQZcQyU\njM84MqQV87xEOFSE+Mm7iObKNrJwF4Gh7wwMrPA6JfLhJ/eF7pQS6kTgFx96UA4g\nnM3XVcFH4FcwjqErfZ4++jUoQfrj9GsfAPF4y77KM1Zc+SHX2gQpMAh0Paqxv0VC\nE0qESGMC5P2ToA5kxqyKDQjbSgU66XRPi/5OaebTPmNZF9zBkBFTrIF4e0sxfotC\nChT8TNCo3zK4BByH+usXOKtS1oe8seJSEGGpvYgxkDgUFArOlYGGLezhWugLyTzh\nQsj1sTqowJN22/77oBNI0WWZmiydz6BzpM27VkEIM7Ngz+7vysYjxnT/ZlXxHD/1\ntubT1iQHSBSlDTaHuObaVmJ3Kfl59E2RyP8toAbE7r1IrXewnWIA4XgniAEVhAGG\nI7wdZVp0cH//sdLfYRX+i3f4NucxhthCYYoYdqkFxk9hhRwtwQKCAQEA65jlxwrC\nxvjYcA+DZqRwbNAGreaB+mK1p4SDxmqE1hbbbi6fiGTJjN+U8uMLzlPwA51CLHyP\no9I/R8DhAxs1tyUUmu2x1HSGuhZ9JiNPH3d5kbqC5uWeWH5OnXS6QOg4Z1jbmYrR\nkUP9+T+3YnVHCBsbTa7ImckJAWRrXdkEwxeoCX0R6RowVXxUHHa5kMjFfdEZOw4U\n3mBVN1pGHD4YsWBcgFyPHt0wUqEjWxauLQNbIh4U1elGxVtUjLuHYMdS2z/cbK1N\nhV6JZOnUZQAFe4cnM3sm+WHi2gXDkfApcWNQVfLeKQGFC/OjIowu1xO2d+Vphkej\nv5uXfj6IIzwfiwKCAQEA79eESpao+W1rgOW5nMPri/EbQbWV7SS9hY30BlBB9ctw\nQa4gcNmT7d/L72ku4eYRTcw0XRoRNs62FovzLNdYLmNKqSWokiLRdHZAPtr6kk6y\nvzfG2vnZ8pG7kGLBlztKdzL4NxxDHdaDXf4Rfj8YRZnnw4r16t4oqzuK4z4yAGaD\nMHVJhlA1WPmyYGLTiMCfE1g2Nl6trvLov6wnydqM4Vdhc95l2lUe3r0yr3/5Z0E9\nadSteV3di6NRMdzSSLOU221xT89Cf9MAcLY0R1w8DubobCtzQOzV59lzHIymTNXp\nwTm1xybONMRHpXVHH7BdL8HnK2eEfPBNtmjr7re/4QKCAQAXKWn1noY1n4NPyQan\nEaWH3Q+7Cv1eS1QGiw2VdSVoEskx1N2UQCxccCKpmk6v0yq2gEBgNUK93U6hVEIK\n1yL5xWh4LsQb2fTg2JMnK7N8qXdHL2ntH0fo9UnvSumAthPNfTvhpXci6+dNGMmD\noXoBPwD5KyTHka8T9vZjPJGuSGYZwLUBELUNwnJWdgmaRVK9ItBzMNg2YIwgK/zW\ni/hLf+i4KeFcLGyywurB6sHm5PyRpxlvSkbN4kO2rj0J866epXGbMZJ8eSXSyPY7\nk7v2P/xHoGTdgZUW0BhBAbZhUl00hfL3XxHgcexo2hVEychXkzNDo0li7f3/yFAD\n/sYvAoIBADWpS5EAqme8IoxhWakIcMALvuRxw0yepsSl4Q40kL10ufYIBnwZQi67\nnr4/E105g2+bm6+k8GsJztW2lD7ZI4KldoPnyBKCNcjP2En35o4ri3Sa/yPpOOk7\nz/JbFiNHAb8vqTdzXFTltNinyrQrW7ve1mr6wVC+Se0d0lJLjRZn2TxTUZL6iSUS\nIOXN1rRHHJBQcTiy8DsvYAHae8B+5Hxad5RcEv/JgbGmNRvtDxkaEKqIChQYe0QN\n01HLrUTU4R5DG1IW9jLxO6z8JzA8I7fV0/S3t/6zvpw0G7wsf9y7E6TGy7P2K7bE\nn58WYUZmyEKyKI2eiJcHkOuaCAeOFyECggEAIrcpCtI9I+k7apF1QF5UqLXOB3DC\n24RA0x+H5sMNWZuz1rsDCdAGSg8eeS9V6Le5n9eucQ4JRM4s8GobThARTqF6mP75\nxIbYnMC66YrC5F3CVmrPlRao+iJGOeGmZqt//L/l6XrJjLnUZCqcuy/1wBAVerVK\n8br7pQ0k5lMlqiSDwpbPj69t2d/yAtmrmLqn+fQADk0ozVavm+QFWufHn/cTZGxX\niqQCro4mdRCrYELC4+JPc7MNfyQnLCd/zyRLBprw/pkMRE9G4TP85VhFPuoHyqb7\n0h1jXRIYZ6M+0nCrzrm0UDEcMLZ1ccdbuAbY8zGjd+KwAOftza6rEq2irA==\n-----END RSA PRIVATE KEY-----\n",
            "private_key_pem_pkcs8": "-----BEGIN PRIVATE KEY-----\nMIIJQQIBADANBgkqhkiG9w0BAQEFAASCCSswggknAgEAAoICAQDcuhWtSIoG8s1p\nX6gjfMlZweqBrrsOVgx3/+YUr+JJDHSyJ+EOu8Uv3nxT5HqtfT0YESzeTLhYf5R5\nbh2RDLQQX+dheTw1TItG6qbZcWpq3wwPH+cYd1KnQEq6zI7rzqOSF5ESuKnSNeGf\nFCbQaeM8SmtaexXCnVRfoqjAAWH5dZleeL8/ZqhXMowps5BfeGxpzJZbW84n8siJ\nMdx1xuERQuYK+v5xh8gr607XgoulYRkH3zappSExdI9L570lKiFWGbKpKwC4j715\nPjI7X79djY03EKphXNNolPBYksOTnpy+wHwfaPYDOHu1JERvVcoh0A76NZhhoNUG\naT3L4dpIAYqF9ENH0vD4YgFcuEfyWJJg4ggtG3BJ2ZF9QmFN96BlO5DNjb98waPT\nV9voYMl2kXymzKrn/wC8NKDYqIYgXpGmpapBOHv3r4vEbmITizzveYzs/wBxXQYV\nUijx+R/BAE3CPqK0V5KXQ7DNIXydysNnH6cnw9gT1lDF0yyWNOGFA6HwgMPWX69D\nomL4UWZfty5u9Jkk/gUhUVm4Yh0WsmciFBTHeTQb75vJK9lmEagCP0+A0th6v2cD\nN2Ns9FfcU1sDBneFqdLfpfGg03V6AzaaUxSwGWHbKKGn/EEomwctkWJted+bkhhf\n4Rzqtu4dx6nMU9vu5PybgwnXmb1uKwIDAQABAoICAGc2KG63zbsEDCMq1J+LeUec\nUoDDaLqCaCAwq7CesexAg8zOswFFsiX5Hh/IZcj8F/ZKCbYFH+pZ9d52LCMoUoaZ\nocNFgm7V1QabMNvamc1RcP0diN065o5IlOkWP/ppzLjChla/vMEL6u2M6b1o1hXa\nIqrThVBUayCxGcF2pA6W+9leEuedpDfp7fqN+YN69w7d2Kztl8+8SiNFCnaUQafl\npVYbGaGSwXov9NT3OT9i0OaKbLAVBBlxDJSMzzgypBXzvEQ4VIT4ybuI5so2snAX\ngaHvDAys8Dol8uEn94XulBLqROAXH3pQDiCczddVwUfgVzCOoSt9nj76NShB+uP0\nax8A8XjLvsozVlz5IdfaBCkwCHQ9qrG/RUITSoRIYwLk/ZOgDmTGrIoNCNtKBTrp\ndE+L/k5p5tM+Y1kX3MGQEVOsgXh7SzF+i0IKFPxM0KjfMrgEHIf66xc4q1LWh7yx\n4lIQYam9iDGQOBQUCs6VgYYt7OFa6AvJPOFCyPWxOqjAk3bb/vugE0jRZZmaLJ3P\noHOkzbtWQQgzs2DP7u/KxiPGdP9mVfEcP/W25tPWJAdIFKUNNoe45tpWYncp+Xn0\nTZHI/y2gBsTuvUitd7CdYgDheCeIARWEAYYjvB1lWnRwf/+x0t9hFf6Ld/g25zGG\n2EJhihh2qQXGT2GFHC3BAoIBAQDrmOXHCsLG+NhwD4NmpHBs0Aat5oH6YrWnhIPG\naoTWFttuLp+IZMmM35Ty4wvOU/ADnUIsfI+j0j9HwOEDGzW3JRSa7bHUdIa6Fn0m\nI08fd3mRuoLm5Z5Yfk6ddLpA6DhnWNuZitGRQ/35P7didUcIGxtNrsiZyQkBZGtd\n2QTDF6gJfRHpGjBVfFQcdrmQyMV90Rk7DhTeYFU3WkYcPhixYFyAXI8e3TBSoSNb\nFq4tA1siHhTV6UbFW1SMu4dgx1LbP9xsrU2FXolk6dRlAAV7hyczeyb5YeLaBcOR\n8ClxY1BV8t4pAYUL86MijC7XE7Z35WmGR6O/m5d+PogjPB+LAoIBAQDv14RKlqj5\nbWuA5bmcw+uL8RtBtZXtJL2FjfQGUEH1y3BBriBw2ZPt38vvaS7h5hFNzDRdGhE2\nzrYWi/Ms11guY0qpJaiSItF0dkA+2vqSTrK/N8ba+dnykbuQYsGXO0p3Mvg3HEMd\n1oNd/hF+PxhFmefDivXq3iirO4rjPjIAZoMwdUmGUDVY+bJgYtOIwJ8TWDY2Xq2u\n8ui/rCfJ2ozhV2Fz3mXaVR7evTKvf/lnQT1p1K15Xd2Lo1Ex3NJIs5TbbXFPz0J/\n0wBwtjRHXDwO5uhsK3NA7NXn2XMcjKZM1enBObXHJs40xEeldUcfsF0vwecrZ4R8\n8E22aOvut7/hAoIBABcpafWehjWfg0/JBqcRpYfdD7sK/V5LVAaLDZV1JWgSyTHU\n3ZRALFxwIqmaTq/TKraAQGA1Qr3dTqFUQgrXIvnFaHguxBvZ9ODYkycrs3ypd0cv\nae0fR+j1Se9K6YC2E819O+GldyLr500YyYOhegE/APkrJMeRrxP29mM8ka5IZhnA\ntQEQtQ3CclZ2CZpFUr0i0HMw2DZgjCAr/NaL+Et/6Lgp4VwsbLLC6sHqwebk/JGn\nGW9KRs3iQ7auPQnzrp6lcZsxknx5JdLI9juTu/Y//EegZN2BlRbQGEEBtmFSXTSF\n8vdfEeBx7GjaFUTJyFeTM0OjSWLt/f/IUAP+xi8CggEANalLkQCqZ7wijGFZqQhw\nwAu+5HHDTJ6mxKXhDjSQvXS59ggGfBlCLruevj8TXTmDb5ubr6TwawnO1baUPtkj\ngqV2g+fIEoI1yM/YSffmjiuLdJr/I+k46TvP8lsWI0cBvy+pN3NcVOW02KfKtCtb\nu97WavrBUL5J7R3SUkuNFmfZPFNRkvqJJRIg5c3WtEcckFBxOLLwOy9gAdp7wH7k\nfFp3lFwS/8mBsaY1G+0PGRoQqogKFBh7RA3TUcutRNThHkMbUhb2MvE7rPwnMDwj\nt9XT9Le3/rO+nDQbvCx/3LsTpMbLs/YrtsSfnxZhRmbIQrIojZ6IlweQ65oIB44X\nIQKCAQAitykK0j0j6TtqkXVAXlSotc4HcMLbhEDTH4fmww1Zm7PWuwMJ0AZKDx55\nL1Xot7mf165xDglEzizwahtOEBFOoXqY/vnEhticwLrpisLkXcJWas+VFqj6IkY5\n4aZmq3/8v+XpesmMudRkKpy7L/XAEBV6tUrxuvulDSTmUyWqJIPCls+Pr23Z3/IC\n2auYuqf59AAOTSjNVq+b5AVa58ef9xNkbFeKpAKujiZ1EKtgQsLj4k9zsw1/JCcs\nJ3/PJEsGmvD+mQxET0bhM/zlWEU+6gfKpvvSHWNdEhhnoz7ScKvOubRQMRwwtnVx\nx1u4BtjzMaN34rAA5+3NrqsSraKs\n-----END PRIVATE KEY-----\n",
            "public_key_fingerprint_md5": "69:70:df:b3:87:ca:e5:e6:28:27:fc:0c:9e:4e:80:d7",
            "public_key_fingerprint_sha256": "SHA256:bUr1A2qowWwzTKMfGfchlYh1qU/RbRPA9PLmMb8iwXU",
            "public_key_openssh": "ssh-rsa AAAAB3NzaC1yc2EAAAADAQABAAACAQDcuhWtSIoG8s1pX6gjfMlZweqBrrsOVgx3/+YUr+JJDHSyJ+EOu8Uv3nxT5HqtfT0YESzeTLhYf5R5bh2RDLQQX+dheTw1TItG6qbZcWpq3wwPH+cYd1KnQEq6zI7rzqOSF5ESuKnSNeGfFCbQaeM8SmtaexXCnVRfoqjAAWH5dZleeL8/ZqhXMowps5BfeGxpzJZbW84n8siJMdx1xuERQuYK+v5xh8gr607XgoulYRkH3zappSExdI9L570lKiFWGbKpKwC4j715PjI7X79djY03EKphXNNolPBYksOTnpy+wHwfaPYDOHu1JERvVcoh0A76NZhhoNUGaT3L4dpIAYqF9ENH0vD4YgFcuEfyWJJg4ggtG3BJ2ZF9QmFN96BlO5DNjb98waPTV9voYMl2kXymzKrn/wC8NKDYqIYgXpGmpapBOHv3r4vEbmITizzveYzs/wBxXQYVUijx+R/BAE3CPqK0V5KXQ7DNIXydysNnH6cnw9gT1lDF0yyWNOGFA6HwgMPWX69DomL4UWZfty5u9Jkk/gUhUVm4Yh0WsmciFBTHeTQb75vJK9lmEagCP0+A0th6v2cDN2Ns9FfcU1sDBneFqdLfpfGg03V6AzaaUxSwGWHbKKGn/EEomwctkWJted+bkhhf4Rzqtu4dx6nMU9vu5PybgwnXmb1uKw==\n",
            "public_key_pem": "-----BEGIN PUBLIC KEY-----\nMIICIjANBgkqhkiG9w0BAQEFAAOCAg8AMIICCgKCAgEA3LoVrUiKBvLNaV+oI3zJ\nWcHqga67DlYMd//mFK/iSQx0sifhDrvFL958U+R6rX09GBEs3ky4WH+UeW4dkQy0\nEF/nYXk8NUyLRuqm2XFqat8MDx/nGHdSp0BKusyO686jkheRErip0jXhnxQm0Gnj\nPEprWnsVwp1UX6KowAFh+XWZXni/P2aoVzKMKbOQX3hsacyWW1vOJ/LIiTHcdcbh\nEULmCvr+cYfIK+tO14KLpWEZB982qaUhMXSPS+e9JSohVhmyqSsAuI+9eT4yO1+/\nXY2NNxCqYVzTaJTwWJLDk56cvsB8H2j2Azh7tSREb1XKIdAO+jWYYaDVBmk9y+Ha\nSAGKhfRDR9Lw+GIBXLhH8liSYOIILRtwSdmRfUJhTfegZTuQzY2/fMGj01fb6GDJ\ndpF8psyq5/8AvDSg2KiGIF6RpqWqQTh796+LxG5iE4s873mM7P8AcV0GFVIo8fkf\nwQBNwj6itFeSl0OwzSF8ncrDZx+nJ8PYE9ZQxdMsljThhQOh8IDD1l+vQ6Ji+FFm\nX7cubvSZJP4FIVFZuGIdFrJnIhQUx3k0G++bySvZZhGoAj9PgNLYer9nAzdjbPRX\n3FNbAwZ3hanS36XxoNN1egM2mlMUsBlh2yihp/xBKJsHLZFibXnfm5IYX+Ec6rbu\nHcepzFPb7uT8m4MJ15m9bisCAwEAAQ==\n-----END PUBLIC KEY-----\n",
            "rsa_bits": 4096
          },
          "sensitive_attributes": [
            [
              {
                "type": "get_attr",
                "value": "private_key_pem"
              }
            ],
            [
              {
                "type": "get_attr",
                "value": "private_key_openssh"
              }
            ],
            [
              {
                "type": "get_attr",
                "value": "private_key_pem_pkcs8"
              }
            ]
          ]
        }
      ]
    }
  ],
  "check_results": null
}
